
Microsoft Visual Studio Solution File, Format Version 12.00
Project("{2150E333-8FDC-42A3-9474-1A3956D46DE8}") = "Solution Files", "Solution Files", "{2259E473-0B10-4232-861F-E1F45C78C351}"
	ProjectSection(SolutionItems) = preProject
		.editorconfig = .editorconfig
		.gitignore = .gitignore
	EndProjectSection
EndProject
Project("{FAE04EC0-301F-11D3-BF4B-00C04F79EFBC}") = "WC.Service.MessageDispatcher.Data", "src\WC.Service.MessageDispatcher.Data\WC.Service.MessageDispatcher.Data.csproj", "{EDE4222E-D9A7-4C94-BDF6-E5450A94A17A}"
EndProject
Project("{FAE04EC0-301F-11D3-BF4B-00C04F79EFBC}") = "WC.Service.MessageDispatcher.Data.Abstractions", "src\WC.Service.MessageDispatcher.Data.Abstractions\WC.Service.MessageDispatcher.Data.Abstractions.csproj", "{AC258DCE-5949-45C4-8B73-2EB436B32C9F}"
EndProject
Project("{FAE04EC0-301F-11D3-BF4B-00C04F79EFBC}") = "WC.Service.MessageDispatcher.Data.PostgreSql", "src\WC.Service.MessageDispatcher.Data.PostgreSql\WC.Service.MessageDispatcher.Data.PostgreSql.csproj", "{B23FA52E-AF16-4F3C-B7AD-A347C9948D82}"
EndProject
Global
	GlobalSection(SolutionConfigurationPlatforms) = preSolution
		Debug|Any CPU = Debug|Any CPU
		Release|Any CPU = Release|Any CPU
	EndGlobalSection
	GlobalSection(ProjectConfigurationPlatforms) = postSolution
		{EDE4222E-D9A7-4C94-BDF6-E5450A94A17A}.Debug|Any CPU.ActiveCfg = Debug|Any CPU
		{EDE4222E-D9A7-4C94-BDF6-E5450A94A17A}.Debug|Any CPU.Build.0 = Debug|Any CPU
		{EDE4222E-D9A7-4C94-BDF6-E5450A94A17A}.Release|Any CPU.ActiveCfg = Release|Any CPU
		{EDE4222E-D9A7-4C94-BDF6-E5450A94A17A}.Release|Any CPU.Build.0 = Release|Any CPU
		{AC258DCE-5949-45C4-8B73-2EB436B32C9F}.Debug|Any CPU.ActiveCfg = Debug|Any CPU
		{AC258DCE-5949-45C4-8B73-2EB436B32C9F}.Debug|Any CPU.Build.0 = Debug|Any CPU
		{AC258DCE-5949-45C4-8B73-2EB436B32C9F}.Release|Any CPU.ActiveCfg = Release|Any CPU
		{AC258DCE-5949-45C4-8B73-2EB436B32C9F}.Release|Any CPU.Build.0 = Release|Any CPU
		{B23FA52E-AF16-4F3C-B7AD-A347C9948D82}.Debug|Any CPU.ActiveCfg = Debug|Any CPU
		{B23FA52E-AF16-4F3C-B7AD-A347C9948D82}.Debug|Any CPU.Build.0 = Debug|Any CPU
		{B23FA52E-AF16-4F3C-B7AD-A347C9948D82}.Release|Any CPU.ActiveCfg = Release|Any CPU
		{B23FA52E-AF16-4F3C-B7AD-A347C9948D82}.Release|Any CPU.Build.0 = Release|Any CPU
	EndGlobalSection
EndGlobal
